// !$*UTF8*$!
{
	archiveVersion = 1;
	classes = {
	};
	objectVersion = 56;
	objects = {

/* Begin PBXBuildFile section */
		21B647BB2A7984320027F9A9 /* AppDelegate.swift in Sources */ = {isa = PBXBuildFile; fileRef = 21B647BA2A7984320027F9A9 /* AppDelegate.swift */; };
		21B647BD2A7984320027F9A9 /* SceneDelegate.swift in Sources */ = {isa = PBXBuildFile; fileRef = 21B647BC2A7984320027F9A9 /* SceneDelegate.swift */; };
		21B647BF2A7984320027F9A9 /*  Anasayfa.swift in Sources */ = {isa = PBXBuildFile; fileRef = 21B647BE2A7984320027F9A9 /*  Anasayfa.swift */; };
		21B647C22A7984320027F9A9 /* Main.storyboard in Resources */ = {isa = PBXBuildFile; fileRef = 21B647C02A7984320027F9A9 /* Main.storyboard */; };
		21B647C42A7984320027F9A9 /* Assets.xcassets in Resources */ = {isa = PBXBuildFile; fileRef = 21B647C32A7984320027F9A9 /* Assets.xcassets */; };
		21B647C72A7984320027F9A9 /* LaunchScreen.storyboard in Resources */ = {isa = PBXBuildFile; fileRef = 21B647C52A7984320027F9A9 /* LaunchScreen.storyboard */; };
		21B647D32A7984DA0027F9A9 /* KayitSayfa.swift in Sources */ = {isa = PBXBuildFile; fileRef = 21B647D22A7984DA0027F9A9 /* KayitSayfa.swift */; };
		21B647D52A7984EE0027F9A9 /* DetaySayfa.swift in Sources */ = {isa = PBXBuildFile; fileRef = 21B647D42A7984EE0027F9A9 /* DetaySayfa.swift */; };
		21B647D72A7997450027F9A9 /* Tasks.swift in Sources */ = {isa = PBXBuildFile; fileRef = 21B647D62A7997450027F9A9 /* Tasks.swift */; };
		21B895622A7F71E300C6A342 /* TasksHucre.swift in Sources */ = {isa = PBXBuildFile; fileRef = 21B895612A7F71E300C6A342 /* TasksHucre.swift */; };
		21BF74042A86AFF3006D9447 /* RxSwift in Frameworks */ = {isa = PBXBuildFile; productRef = 21BF74032A86AFF3006D9447 /* RxSwift */; };
		21BF74072A86B117006D9447 /* TasksDaoRepository.swift in Sources */ = {isa = PBXBuildFile; fileRef = 21BF74062A86B117006D9447 /* TasksDaoRepository.swift */; };
		21BF740A2A86B148006D9447 /* AnasayfaViewModel.swift in Sources */ = {isa = PBXBuildFile; fileRef = 21BF74092A86B148006D9447 /* AnasayfaViewModel.swift */; };
		21BF740C2A86B155006D9447 /* KayitSayfaViewModel.swift in Sources */ = {isa = PBXBuildFile; fileRef = 21BF740B2A86B155006D9447 /* KayitSayfaViewModel.swift */; };
		21BF740E2A86B163006D9447 /* DetaySayfaViewModel.swift in Sources */ = {isa = PBXBuildFile; fileRef = 21BF740D2A86B163006D9447 /* DetaySayfaViewModel.swift */; };
/* End PBXBuildFile section */

/* Begin PBXFileReference section */
		21B647B72A7984320027F9A9 /* toDoApp.app */ = {isa = PBXFileReference; explicitFileType = wrapper.application; includeInIndex = 0; path = toDoApp.app; sourceTree = BUILT_PRODUCTS_DIR; };
		21B647BA2A7984320027F9A9 /* AppDelegate.swift */ = {isa = PBXFileReference; lastKnownFileType = sourcecode.swift; path = AppDelegate.swift; sourceTree = "<group>"; };
		21B647BC2A7984320027F9A9 /* SceneDelegate.swift */ = {isa = PBXFileReference; lastKnownFileType = sourcecode.swift; path = SceneDelegate.swift; sourceTree = "<group>"; };
		21B647BE2A7984320027F9A9 /*  Anasayfa.swift */ = {isa = PBXFileReference; lastKnownFileType = sourcecode.swift; path = " Anasayfa.swift"; sourceTree = "<group>"; };
		21B647C12A7984320027F9A9 /* Base */ = {isa = PBXFileReference; lastKnownFileType = file.storyboard; name = Base; path = Base.lproj/Main.storyboard; sourceTree = "<group>"; };
		21B647C32A7984320027F9A9 /* Assets.xcassets */ = {isa = PBXFileReference; lastKnownFileType = folder.assetcatalog; path = Assets.xcassets; sourceTree = "<group>"; };
		21B647C62A7984320027F9A9 /* Base */ = {isa = PBXFileReference; lastKnownFileType = file.storyboard; name = Base; path = Base.lproj/LaunchScreen.storyboard; sourceTree = "<group>"; };
		21B647C82A7984320027F9A9 /* Info.plist */ = {isa = PBXFileReference; lastKnownFileType = text.plist.xml; path = Info.plist; sourceTree = "<group>"; };
		21B647D22A7984DA0027F9A9 /* KayitSayfa.swift */ = {isa = PBXFileReference; lastKnownFileType = sourcecode.swift; path = KayitSayfa.swift; sourceTree = "<group>"; };
		21B647D42A7984EE0027F9A9 /* DetaySayfa.swift */ = {isa = PBXFileReference; lastKnownFileType = sourcecode.swift; path = DetaySayfa.swift; sourceTree = "<group>"; };
		21B647D62A7997450027F9A9 /* Tasks.swift */ = {isa = PBXFileReference; lastKnownFileType = sourcecode.swift; path = Tasks.swift; sourceTree = "<group>"; };
		21B895612A7F71E300C6A342 /* TasksHucre.swift */ = {isa = PBXFileReference; lastKnownFileType = sourcecode.swift; path = TasksHucre.swift; sourceTree = "<group>"; };
		21BF74062A86B117006D9447 /* TasksDaoRepository.swift */ = {isa = PBXFileReference; lastKnownFileType = sourcecode.swift; path = TasksDaoRepository.swift; sourceTree = "<group>"; };
		21BF74092A86B148006D9447 /* AnasayfaViewModel.swift */ = {isa = PBXFileReference; lastKnownFileType = sourcecode.swift; path = AnasayfaViewModel.swift; sourceTree = "<group>"; };
		21BF740B2A86B155006D9447 /* KayitSayfaViewModel.swift */ = {isa = PBXFileReference; lastKnownFileType = sourcecode.swift; path = KayitSayfaViewModel.swift; sourceTree = "<group>"; };
		21BF740D2A86B163006D9447 /* DetaySayfaViewModel.swift */ = {isa = PBXFileReference; lastKnownFileType = sourcecode.swift; path = DetaySayfaViewModel.swift; sourceTree = "<group>"; };
/* End PBXFileReference section */

/* Begin PBXFrameworksBuildPhase section */
		21B647B42A7984320027F9A9 /* Frameworks */ = {
			isa = PBXFrameworksBuildPhase;
			buildActionMask = 2147483647;
			files = (
				21BF74042A86AFF3006D9447 /* RxSwift in Frameworks */,
			);
			runOnlyForDeploymentPostprocessing = 0;
		};
/* End PBXFrameworksBuildPhase section */

/* Begin PBXGroup section */
		21B647AE2A7984320027F9A9 = {
			isa = PBXGroup;
			children = (
				21B647B92A7984320027F9A9 /* toDoApp */,
				21B647B82A7984320027F9A9 /* Products */,
			);
			sourceTree = "<group>";
		};
		21B647B82A7984320027F9A9 /* Products */ = {
			isa = PBXGroup;
			children = (
				21B647B72A7984320027F9A9 /* toDoApp.app */,
			);
			name = Products;
			sourceTree = "<group>";
		};
		21B647B92A7984320027F9A9 /* toDoApp */ = {
			isa = PBXGroup;
			children = (
				21B647BA2A7984320027F9A9 /* AppDelegate.swift */,
				21B647CF2A7984580027F9A9 /* data */,
				21B647CE2A79844F0027F9A9 /* ui */,
				21B647BC2A7984320027F9A9 /* SceneDelegate.swift */,
				21B647C02A7984320027F9A9 /* Main.storyboard */,
				21B647C32A7984320027F9A9 /* Assets.xcassets */,
				21B647C52A7984320027F9A9 /* LaunchScreen.storyboard */,
				21B647C82A7984320027F9A9 /* Info.plist */,
			);
			path = toDoApp;
			sourceTree = "<group>";
		};
		21B647CE2A79844F0027F9A9 /* ui */ = {
			isa = PBXGroup;
			children = (
				21BF74082A86B137006D9447 /* viewmodel */,
				21B895602A7F71B800C6A342 /* tableview */,
				21B647D12A79846E0027F9A9 /* views */,
			);
			path = ui;
			sourceTree = "<group>";
		};
		21B647CF2A7984580027F9A9 /* data */ = {
			isa = PBXGroup;
			children = (
				21BF74052A86B100006D9447 /* repo */,
				21B647D02A7984610027F9A9 /* entity */,
			);
			path = data;
			sourceTree = "<group>";
		};
		21B647D02A7984610027F9A9 /* entity */ = {
			isa = PBXGroup;
			children = (
				21B647D62A7997450027F9A9 /* Tasks.swift */,
			);
			path = entity;
			sourceTree = "<group>";
		};
		21B647D12A79846E0027F9A9 /* views */ = {
			isa = PBXGroup;
			children = (
				21B647BE2A7984320027F9A9 /*  Anasayfa.swift */,
				21B647D22A7984DA0027F9A9 /* KayitSayfa.swift */,
				21B647D42A7984EE0027F9A9 /* DetaySayfa.swift */,
			);
			path = views;
			sourceTree = "<group>";
		};
		21B895602A7F71B800C6A342 /* tableview */ = {
			isa = PBXGroup;
			children = (
				21B895612A7F71E300C6A342 /* TasksHucre.swift */,
			);
			path = tableview;
			sourceTree = "<group>";
		};
		21BF74052A86B100006D9447 /* repo */ = {
			isa = PBXGroup;
			children = (
				21BF74062A86B117006D9447 /* TasksDaoRepository.swift */,
			);
			path = repo;
			sourceTree = "<group>";
		};
		21BF74082A86B137006D9447 /* viewmodel */ = {
			isa = PBXGroup;
			children = (
				21BF74092A86B148006D9447 /* AnasayfaViewModel.swift */,
				21BF740B2A86B155006D9447 /* KayitSayfaViewModel.swift */,
				21BF740D2A86B163006D9447 /* DetaySayfaViewModel.swift */,
			);
			path = viewmodel;
			sourceTree = "<group>";
		};
/* End PBXGroup section */

/* Begin PBXNativeTarget section */
		21B647B62A7984320027F9A9 /* toDoApp */ = {
			isa = PBXNativeTarget;
			buildConfigurationList = 21B647CB2A7984320027F9A9 /* Build configuration list for PBXNativeTarget "toDoApp" */;
			buildPhases = (
				21B647B32A7984320027F9A9 /* Sources */,
				21B647B42A7984320027F9A9 /* Frameworks */,
				21B647B52A7984320027F9A9 /* Resources */,
			);
			buildRules = (
			);
			dependencies = (
			);
			name = toDoApp;
			packageProductDependencies = (
				21BF74032A86AFF3006D9447 /* RxSwift */,
			);
			productName = toDoApp;
			productReference = 21B647B72A7984320027F9A9 /* toDoApp.app */;
			productType = "com.apple.product-type.application";
		};
/* End PBXNativeTarget section */

/* Begin PBXProject section */
		21B647AF2A7984320027F9A9 /* Project object */ = {
			isa = PBXProject;
			attributes = {
				BuildIndependentTargetsInParallel = 1;
				LastSwiftUpdateCheck = 1430;
				LastUpgradeCheck = 1430;
				TargetAttributes = {
					21B647B62A7984320027F9A9 = {
						CreatedOnToolsVersion = 14.3.1;
					};
				};
			};
			buildConfigurationList = 21B647B22A7984320027F9A9 /* Build configuration list for PBXProject "toDoApp" */;
			compatibilityVersion = "Xcode 14.0";
			developmentRegion = en;
			hasScannedForEncodings = 0;
			knownRegions = (
				en,
				Base,
			);
			mainGroup = 21B647AE2A7984320027F9A9;
			packageReferences = (
				21BF74022A86AFF3006D9447 /* XCRemoteSwiftPackageReference "RxSwift" */,
			);
			productRefGroup = 21B647B82A7984320027F9A9 /* Products */;
			projectDirPath = "";
			projectRoot = "";
			targets = (
				21B647B62A7984320027F9A9 /* toDoApp */,
			);
		};
/* End PBXProject section */

/* Begin PBXResourcesBuildPhase section */
		21B647B52A7984320027F9A9 /* Resources */ = {
			isa = PBXResourcesBuildPhase;
			buildActionMask = 2147483647;
			files = (
				21B647C72A7984320027F9A9 /* LaunchScreen.storyboard in Resources */,
				21B647C42A7984320027F9A9 /* Assets.xcassets in Resources */,
				21B647C22A7984320027F9A9 /* Main.storyboard in Resources */,
			);
			runOnlyForDeploymentPostprocessing = 0;
		};
/* End PBXResourcesBuildPhase section */

/* Begin PBXSourcesBuildPhase section */
		21B647B32A7984320027F9A9 /* Sources */ = {
			isa = PBXSourcesBuildPhase;
			buildActionMask = 2147483647;
			files = (
				21B647BF2A7984320027F9A9 /*  Anasayfa.swift in Sources */,
				21B647D32A7984DA0027F9A9 /* KayitSayfa.swift in Sources */,
				21B647BB2A7984320027F9A9 /* AppDelegate.swift in Sources */,
				21B647D52A7984EE0027F9A9 /* DetaySayfa.swift in Sources */,
				21BF740C2A86B155006D9447 /* KayitSayfaViewModel.swift in Sources */,
				21B647D72A7997450027F9A9 /* Tasks.swift in Sources */,
				21BF740A2A86B148006D9447 /* AnasayfaViewModel.swift in Sources */,
				21BF74072A86B117006D9447 /* TasksDaoRepository.swift in Sources */,
				21B647BD2A7984320027F9A9 /* SceneDelegate.swift in Sources */,
				21B895622A7F71E300C6A342 /* TasksHucre.swift in Sources */,
				21BF740E2A86B163006D9447 /* DetaySayfaViewModel.swift in Sources */,
			);
			runOnlyForDeploymentPostprocessing = 0;
		};
/* End PBXSourcesBuildPhase section */

/* Begin PBXVariantGroup section */
		21B647C02A7984320027F9A9 /* Main.storyboard */ = {
			isa = PBXVariantGroup;
			children = (
				21B647C12A7984320027F9A9 /* Base */,
			);
			name = Main.storyboard;
			sourceTree = "<group>";
		};
		21B647C52A7984320027F9A9 /* LaunchScreen.storyboard */ = {
			isa = PBXVariantGroup;
			children = (
				21B647C62A7984320027F9A9 /* Base */,
			);
			name = LaunchScreen.storyboard;
			sourceTree = "<group>";
		};
/* End PBXVariantGroup section */

/* Begin XCBuildConfiguration section */
		21B647C92A7984320027F9A9 /* Debug */ = {
			isa = XCBuildConfiguration;
			buildSettings = {
				ALWAYS_SEARCH_USER_PATHS = NO;
				CLANG_ANALYZER_NONNULL = YES;
				CLANG_ANALYZER_NUMBER_OBJECT_CONVERSION = YES_AGGRESSIVE;
				CLANG_CXX_LANGUAGE_STANDARD = "gnu++20";
				CLANG_ENABLE_MODULES = YES;
				CLANG_ENABLE_OBJC_ARC = YES;
				CLANG_ENABLE_OBJC_WEAK = YES;
				CLANG_WARN_BLOCK_CAPTURE_AUTORELEASING = YES;
				CLANG_WARN_BOOL_CONVERSION = YES;
				CLANG_WARN_COMMA = YES;
				CLANG_WARN_CONSTANT_CONVERSION = YES;
				CLANG_WARN_DEPRECATED_OBJC_IMPLEMENTATIONS = YES;
				CLANG_WARN_DIRECT_OBJC_ISA_USAGE = YES_ERROR;
				CLANG_WARN_DOCUMENTATION_COMMENTS = YES;
				CLANG_WARN_EMPTY_BODY = YES;
				CLANG_WARN_ENUM_CONVERSION = YES;
				CLANG_WARN_INFINITE_RECURSION = YES;
				CLANG_WARN_INT_CONVERSION = YES;
				CLANG_WARN_NON_LITERAL_NULL_CONVERSION = YES;
				CLANG_WARN_OBJC_IMPLICIT_RETAIN_SELF = YES;
				CLANG_WARN_OBJC_LITERAL_CONVERSION = YES;
				CLANG_WARN_OBJC_ROOT_CLASS = YES_ERROR;
				CLANG_WARN_QUOTED_INCLUDE_IN_FRAMEWORK_HEADER = YES;
				CLANG_WARN_RANGE_LOOP_ANALYSIS = YES;
				CLANG_WARN_STRICT_PROTOTYPES = YES;
				CLANG_WARN_SUSPICIOUS_MOVE = YES;
				CLANG_WARN_UNGUARDED_AVAILABILITY = YES_AGGRESSIVE;
				CLANG_WARN_UNREACHABLE_CODE = YES;
				CLANG_WARN__DUPLICATE_METHOD_MATCH = YES;
				COPY_PHASE_STRIP = NO;
				DEBUG_INFORMATION_FORMAT = dwarf;
				ENABLE_STRICT_OBJC_MSGSEND = YES;
				ENABLE_TESTABILITY = YES;
				GCC_C_LANGUAGE_STANDARD = gnu11;
				GCC_DYNAMIC_NO_PIC = NO;
				GCC_NO_COMMON_BLOCKS = YES;
				GCC_OPTIMIZATION_LEVEL = 0;
				GCC_PREPROCESSOR_DEFINITIONS = (
					"DEBUG=1",
					"$(inherited)",
				);
				GCC_WARN_64_TO_32_BIT_CONVERSION = YES;
				GCC_WARN_ABOUT_RETURN_TYPE = YES_ERROR;
				GCC_WARN_UNDECLARED_SELECTOR = YES;
				GCC_WARN_UNINITIALIZED_AUTOS = YES_AGGRESSIVE;
				GCC_WARN_UNUSED_FUNCTION = YES;
				GCC_WARN_UNUSED_VARIABLE = YES;
				IPHONEOS_DEPLOYMENT_TARGET = 16.4;
				MTL_ENABLE_DEBUG_INFO = INCLUDE_SOURCE;
				MTL_FAST_MATH = YES;
				ONLY_ACTIVE_ARCH = YES;
				SDKROOT = iphoneos;
				SWIFT_ACTIVE_COMPILATION_CONDITIONS = DEBUG;
				SWIFT_OPTIMIZATION_LEVEL = "-Onone";
			};
			name = Debug;
		};
		21B647CA2A7984320027F9A9 /* Release */ = {
			isa = XCBuildConfiguration;
			buildSettings = {
				ALWAYS_SEARCH_USER_PATHS = NO;
				CLANG_ANALYZER_NONNULL = YES;
				CLANG_ANALYZER_NUMBER_OBJECT_CONVERSION = YES_AGGRESSIVE;
				CLANG_CXX_LANGUAGE_STANDARD = "gnu++20";
				CLANG_ENABLE_MODULES = YES;
				CLANG_ENABLE_OBJC_ARC = YES;
				CLANG_ENABLE_OBJC_WEAK = YES;
				CLANG_WARN_BLOCK_CAPTURE_AUTORELEASING = YES;
				CLANG_WARN_BOOL_CONVERSION = YES;
				CLANG_WARN_COMMA = YES;
				CLANG_WARN_CONSTANT_CONVERSION = YES;
				CLANG_WARN_DEPRECATED_OBJC_IMPLEMENTATIONS = YES;
				CLANG_WARN_DIRECT_OBJC_ISA_USAGE = YES_ERROR;
				CLANG_WARN_DOCUMENTATION_COMMENTS = YES;
				CLANG_WARN_EMPTY_BODY = YES;
				CLANG_WARN_ENUM_CONVERSION = YES;
				CLANG_WARN_INFINITE_RECURSION = YES;
				CLANG_WARN_INT_CONVERSION = YES;
				CLANG_WARN_NON_LITERAL_NULL_CONVERSION = YES;
				CLANG_WARN_OBJC_IMPLICIT_RETAIN_SELF = YES;
				CLANG_WARN_OBJC_LITERAL_CONVERSION = YES;
				CLANG_WARN_OBJC_ROOT_CLASS = YES_ERROR;
				CLANG_WARN_QUOTED_INCLUDE_IN_FRAMEWORK_HEADER = YES;
				CLANG_WARN_RANGE_LOOP_ANALYSIS = YES;
				CLANG_WARN_STRICT_PROTOTYPES = YES;
				CLANG_WARN_SUSPICIOUS_MOVE = YES;
				CLANG_WARN_UNGUARDED_AVAILABILITY = YES_AGGRESSIVE;
				CLANG_WARN_UNREACHABLE_CODE = YES;
				CLANG_WARN__DUPLICATE_METHOD_MATCH = YES;
				COPY_PHASE_STRIP = NO;
				DEBUG_INFORMATION_FORMAT = "dwarf-with-dsym";
				ENABLE_NS_ASSERTIONS = NO;
				ENABLE_STRICT_OBJC_MSGSEND = YES;
				GCC_C_LANGUAGE_STANDARD = gnu11;
				GCC_NO_COMMON_BLOCKS = YES;
				GCC_WARN_64_TO_32_BIT_CONVERSION = YES;
				GCC_WARN_ABOUT_RETURN_TYPE = YES_ERROR;
				GCC_WARN_UNDECLARED_SELECTOR = YES;
				GCC_WARN_UNINITIALIZED_AUTOS = YES_AGGRESSIVE;
				GCC_WARN_UNUSED_FUNCTION = YES;
				GCC_WARN_UNUSED_VARIABLE = YES;
				IPHONEOS_DEPLOYMENT_TARGET = 16.4;
				MTL_ENABLE_DEBUG_INFO = NO;
				MTL_FAST_MATH = YES;
				SDKROOT = iphoneos;
				SWIFT_COMPILATION_MODE = wholemodule;
				SWIFT_OPTIMIZATION_LEVEL = "-O";
				VALIDATE_PRODUCT = YES;
			};
			name = Release;
		};
		21B647CC2A7984320027F9A9 /* Debug */ = {
			isa = XCBuildConfiguration;
			buildSettings = {
				ASSETCATALOG_COMPILER_APPICON_NAME = AppIcon;
				ASSETCATALOG_COMPILER_GLOBAL_ACCENT_COLOR_NAME = AccentColor;
				CODE_SIGN_STYLE = Automatic;
				CURRENT_PROJECT_VERSION = 1;
				GENERATE_INFOPLIST_FILE = YES;
				INFOPLIST_FILE = toDoApp/Info.plist;
				INFOPLIST_KEY_UIApplicationSupportsIndirectInputEvents = YES;
				INFOPLIST_KEY_UILaunchStoryboardName = LaunchScreen;
				INFOPLIST_KEY_UIMainStoryboardFile = Main;
				INFOPLIST_KEY_UISupportedInterfaceOrientations_iPad = "UIInterfaceOrientationPortrait UIInterfaceOrientationPortraitUpsideDown UIInterfaceOrientationLandscapeLeft UIInterfaceOrientationLandscapeRight";
				INFOPLIST_KEY_UISupportedInterfaceOrientations_iPhone = "UIInterfaceOrientationPortrait UIInterfaceOrientationLandscapeLeft UIInterfaceOrientationLandscapeRight";
				LD_RUNPATH_SEARCH_PATHS = (
					"$(inherited)",
					"@executable_path/Frameworks",
				);
				MARKETING_VERSION = 1.0;
				PRODUCT_BUNDLE_IDENTIFIER = com.info.toDoApp;
				PRODUCT_NAME = "$(TARGET_NAME)";
				SWIFT_EMIT_LOC_STRINGS = YES;
				SWIFT_VERSION = 5.0;
				TARGETED_DEVICE_FAMILY = "1,2";
			};
			name = Debug;
		};
		21B647CD2A7984320027F9A9 /* Release */ = {
			isa = XCBuildConfiguration;
			buildSettings = {
				ASSETCATALOG_COMPILER_APPICON_NAME = AppIcon;
				ASSETCATALOG_COMPILER_GLOBAL_ACCENT_COLOR_NAME = AccentColor;
				CODE_SIGN_STYLE = Automatic;
				CURRENT_PROJECT_VERSION = 1;
				GENERATE_INFOPLIST_FILE = YES;
				INFOPLIST_FILE = toDoApp/Info.plist;
				INFOPLIST_KEY_UIApplicationSupportsIndirectInputEvents = YES;
				INFOPLIST_KEY_UILaunchStoryboardName = LaunchScreen;
				INFOPLIST_KEY_UIMainStoryboardFile = Main;
				INFOPLIST_KEY_UISupportedInterfaceOrientations_iPad = "UIInterfaceOrientationPortrait UIInterfaceOrientationPortraitUpsideDown UIInterfaceOrientationLandscapeLeft UIInterfaceOrientationLandscapeRight";
				INFOPLIST_KEY_UISupportedInterfaceOrientations_iPhone = "UIInterfaceOrientationPortrait UIInterfaceOrientationLandscapeLeft UIInterfaceOrientationLandscapeRight";
				LD_RUNPATH_SEARCH_PATHS = (
					"$(inherited)",
					"@executable_path/Frameworks",
				);
				MARKETING_VERSION = 1.0;
				PRODUCT_BUNDLE_IDENTIFIER = com.info.toDoApp;
				PRODUCT_NAME = "$(TARGET_NAME)";
				SWIFT_EMIT_LOC_STRINGS = YES;
				SWIFT_VERSION = 5.0;
				TARGETED_DEVICE_FAMILY = "1,2";
			};
			name = Release;
		};
/* End XCBuildConfiguration section */

/* Begin XCConfigurationList section */
		21B647B22A7984320027F9A9 /* Build configuration list for PBXProject "toDoApp" */ = {
			isa = XCConfigurationList;
			buildConfigurations = (
				21B647C92A7984320027F9A9 /* Debug */,
				21B647CA2A7984320027F9A9 /* Release */,
			);
			defaultConfigurationIsVisible = 0;
			defaultConfigurationName = Release;
		};
		21B647CB2A7984320027F9A9 /* Build configuration list for PBXNativeTarget "toDoApp" */ = {
			isa = XCConfigurationList;
			buildConfigurations = (
				21B647CC2A7984320027F9A9 /* Debug */,
				21B647CD2A7984320027F9A9 /* Release */,
			);
			defaultConfigurationIsVisible = 0;
			defaultConfigurationName = Release;
		};
/* End XCConfigurationList section */

/* Begin XCRemoteSwiftPackageReference section */
		21BF74022A86AFF3006D9447 /* XCRemoteSwiftPackageReference "RxSwift" */ = {
			isa = XCRemoteSwiftPackageReference;
			repositoryURL = "https://github.com/ReactiveX/RxSwift";
			requirement = {
				kind = upToNextMajorVersion;
				minimumVersion = 6.0.0;
			};
		};
/* End XCRemoteSwiftPackageReference section */

/* Begin XCSwiftPackageProductDependency section */
		21BF74032A86AFF3006D9447 /* RxSwift */ = {
			isa = XCSwiftPackageProductDependency;
			package = 21BF74022A86AFF3006D9447 /* XCRemoteSwiftPackageReference "RxSwift" */;
			productName = RxSwift;
		};
/* End XCSwiftPackageProductDependency section */
	};
	rootObject = 21B647AF2A7984320027F9A9 /* Project object */;
}
